<?xml version="1.0" encoding="utf-8"?>
<Project ToolsVersion="4.0" xmlns="http://schemas.microsoft.com/developer/msbuild/2003">
  <ItemGroup>
    <Filter Include="Source Files">
      <UniqueIdentifier>{4FC737F1-C7A5-4376-A066-2A32D752A2FF}</UniqueIdentifier>
      <Extensions>cpp;c;cc;cxx;c++;cppm;ixx;def;odl;idl;hpj;bat;asm;asmx</Extensions>
    </Filter>
    <Filter Include="Header Files">
      <UniqueIdentifier>{93995380-89BD-4b04-88EB-625FBE52EBFB}</UniqueIdentifier>
      <Extensions>h;hh;hpp;hxx;h++;hm;inl;inc;ipp;xsd</Extensions>
    </Filter>
    <Filter Include="Resource Files">
      <UniqueIdentifier>{67DA6AB6-F800-4c08-8B7A-83BB121AAD01}</UniqueIdentifier>
      <Extensions>rc;ico;cur;bmp;dlg;rc2;rct;bin;rgs;gif;jpg;jpeg;jpe;resx;tiff;tif;png;wav;mfcribbon-ms</Extensions>
    </Filter>
  </ItemGroup>
  <ItemGroup>
    <ClCompile Include="citizen.cpp">
      <Filter>Source Files</Filter>
    </ClCompile>
    <ClCompile Include="CitizenArr.cpp">
      <Filter>Source Files</Filter>
    </ClCompile>
    <ClCompile Include="County.cpp">
      <Filter>Source Files</Filter>
    </ClCompile>
    <ClCompile Include="CountyArr.cpp">
      <Filter>Source Files</Filter>
    </ClCompile>
    <ClCompile Include="Election.cpp">
      <Filter>Source Files</Filter>
    </ClCompile>
    <ClCompile Include="main.cpp">
      <Filter>Source Files</Filter>
    </ClCompile>
    <ClCompile Include="Party.cpp">
      <Filter>Source Files</Filter>
    </ClCompile>
    <ClCompile Include="PartyArr.cpp">
      <Filter>Source Files</Filter>
    </ClCompile>
    <ClCompile Include="PtrCitizenArray.cpp">
      <Filter>Source Files</Filter>
    </ClCompile>
    <ClCompile Include="UnifiedCounty.cpp">
      <Filter>Source Files</Filter>
    </ClCompile>
    <ClCompile Include="DividedCounty.cpp">
      <Filter>Source Files</Filter>
    </ClCompile>
    <ClCompile Include="SimpleElection.cpp">
      <Filter>Source Files</Filter>
    </ClCompile>
    <ClCompile Include="RegularElection.cpp">
      <Filter>Source Files</Filter>
    </ClCompile>
  </ItemGroup>
  <ItemGroup>
    <ClInclude Include="citizen.h">
      <Filter>Header Files</Filter>
    </ClInclude>
    <ClInclude Include="CitizenArr.h">
      <Filter>Header Files</Filter>
    </ClInclude>
    <ClInclude Include="County.h">
      <Filter>Header Files</Filter>
    </ClInclude>
    <ClInclude Include="CountyArr.h">
      <Filter>Header Files</Filter>
    </ClInclude>
    <ClInclude Include="Election.h">
      <Filter>Header Files</Filter>
    </ClInclude>
    <ClInclude Include="Party.h">
      <Filter>Header Files</Filter>
    </ClInclude>
    <ClInclude Include="PartyArr.h">
      <Filter>Header Files</Filter>
    </ClInclude>
    <ClInclude Include="PtrCitizenArray.h">
      <Filter>Header Files</Filter>
    </ClInclude>
    <ClInclude Include="UnifiedCounty.h">
      <Filter>Header Files</Filter>
    </ClInclude>
    <ClInclude Include="DividedCounty.h">
      <Filter>Header Files</Filter>
    </ClInclude>
    <ClInclude Include="SimpleElection.h">
      <Filter>Header Files</Filter>
    </ClInclude>
    <ClInclude Include="RegularElection.h">
      <Filter>Header Files</Filter>
    </ClInclude>
    <ClInclude Include="enum.h">
      <Filter>Header Files</Filter>
    </ClInclude>
    <ClInclude Include="dynamicArray.h">
      <Filter>Header Files</Filter>
    </ClInclude>
  </ItemGroup>
</Project>